// !$*UTF8*$!
{
	archiveVersion = 1;
	classes = {
	};
	objectVersion = 56;
	objects = {

/* Begin PBXBuildFile section */
		B91C7F242BCAE0CC0097B0CF /* AQI.swift in Sources */ = {isa = PBXBuildFile; fileRef = B91C7F232BCAE0CC0097B0CF /* AQI.swift */; };
		B91C7F262BCAE3A60097B0CF /* Station.swift in Sources */ = {isa = PBXBuildFile; fileRef = B91C7F252BCAE3A60097B0CF /* Station.swift */; };
		B91C7F2A2BCB764B0097B0CF /* LocalAQIComponentView.swift in Sources */ = {isa = PBXBuildFile; fileRef = B91C7F292BCB764B0097B0CF /* LocalAQIComponentView.swift */; };
		B91C7F2C2BCB7EBB0097B0CF /* SmallComponentView.swift in Sources */ = {isa = PBXBuildFile; fileRef = B91C7F2B2BCB7EBB0097B0CF /* SmallComponentView.swift */; };
		B91C7F2E2BCCF2CA0097B0CF /* LocalDataView.swift in Sources */ = {isa = PBXBuildFile; fileRef = B91C7F2D2BCCF2CA0097B0CF /* LocalDataView.swift */; };
		B91C7F302BCCF2EC0097B0CF /* OtherStationView.swift in Sources */ = {isa = PBXBuildFile; fileRef = B91C7F2F2BCCF2EC0097B0CF /* OtherStationView.swift */; };
		B91C7F322BCD07590097B0CF /* ContentViewModel.swift in Sources */ = {isa = PBXBuildFile; fileRef = B91C7F312BCD07590097B0CF /* ContentViewModel.swift */; };
		B93A0EBD2BD170D500AB2D85 /* APIError.swift in Sources */ = {isa = PBXBuildFile; fileRef = B93A0EBC2BD170D500AB2D85 /* APIError.swift */; };
		B93A0EC32BD224FB00AB2D85 /* Location.swift in Sources */ = {isa = PBXBuildFile; fileRef = B93A0EC22BD224FB00AB2D85 /* Location.swift */; };
		B93A0EC72BD2611000AB2D85 /* AQIUtil.swift in Sources */ = {isa = PBXBuildFile; fileRef = B93A0EC62BD2611000AB2D85 /* AQIUtil.swift */; };
		B93A0EC92BD2660000AB2D85 /* LocalDataViewModel.swift in Sources */ = {isa = PBXBuildFile; fileRef = B93A0EC82BD2660000AB2D85 /* LocalDataViewModel.swift */; };
		B9E1C4802BC9A119003102D3 /* MyAirApp.swift in Sources */ = {isa = PBXBuildFile; fileRef = B9E1C47F2BC9A119003102D3 /* MyAirApp.swift */; };
		B9E1C4822BC9A119003102D3 /* ContentView.swift in Sources */ = {isa = PBXBuildFile; fileRef = B9E1C4812BC9A119003102D3 /* ContentView.swift */; };
		B9E1C4842BC9A11B003102D3 /* Assets.xcassets in Resources */ = {isa = PBXBuildFile; fileRef = B9E1C4832BC9A11B003102D3 /* Assets.xcassets */; };
		B9E1C4872BC9A11B003102D3 /* Preview Assets.xcassets in Resources */ = {isa = PBXBuildFile; fileRef = B9E1C4862BC9A11B003102D3 /* Preview Assets.xcassets */; };
/* End PBXBuildFile section */

/* Begin PBXFileReference section */
		B91C7F1C2BCA359D0097B0CF /* Info.plist */ = {isa = PBXFileReference; lastKnownFileType = text.plist; path = Info.plist; sourceTree = "<group>"; };
		B91C7F232BCAE0CC0097B0CF /* AQI.swift */ = {isa = PBXFileReference; lastKnownFileType = sourcecode.swift; path = AQI.swift; sourceTree = "<group>"; };
		B91C7F252BCAE3A60097B0CF /* Station.swift */ = {isa = PBXFileReference; lastKnownFileType = sourcecode.swift; path = Station.swift; sourceTree = "<group>"; };
		B91C7F292BCB764B0097B0CF /* LocalAQIComponentView.swift */ = {isa = PBXFileReference; lastKnownFileType = sourcecode.swift; path = LocalAQIComponentView.swift; sourceTree = "<group>"; };
		B91C7F2B2BCB7EBB0097B0CF /* SmallComponentView.swift */ = {isa = PBXFileReference; lastKnownFileType = sourcecode.swift; path = SmallComponentView.swift; sourceTree = "<group>"; };
		B91C7F2D2BCCF2CA0097B0CF /* LocalDataView.swift */ = {isa = PBXFileReference; lastKnownFileType = sourcecode.swift; path = LocalDataView.swift; sourceTree = "<group>"; };
		B91C7F2F2BCCF2EC0097B0CF /* OtherStationView.swift */ = {isa = PBXFileReference; lastKnownFileType = sourcecode.swift; path = OtherStationView.swift; sourceTree = "<group>"; };
		B91C7F312BCD07590097B0CF /* ContentViewModel.swift */ = {isa = PBXFileReference; lastKnownFileType = sourcecode.swift; path = ContentViewModel.swift; sourceTree = "<group>"; };
		B93A0EBC2BD170D500AB2D85 /* APIError.swift */ = {isa = PBXFileReference; lastKnownFileType = sourcecode.swift; path = APIError.swift; sourceTree = "<group>"; };
		B93A0EC22BD224FB00AB2D85 /* Location.swift */ = {isa = PBXFileReference; lastKnownFileType = sourcecode.swift; path = Location.swift; sourceTree = "<group>"; };
		B93A0EC62BD2611000AB2D85 /* AQIUtil.swift */ = {isa = PBXFileReference; lastKnownFileType = sourcecode.swift; path = AQIUtil.swift; sourceTree = "<group>"; };
		B93A0EC82BD2660000AB2D85 /* LocalDataViewModel.swift */ = {isa = PBXFileReference; lastKnownFileType = sourcecode.swift; path = LocalDataViewModel.swift; sourceTree = "<group>"; };
		B9E1C47C2BC9A119003102D3 /* MyAir.app */ = {isa = PBXFileReference; explicitFileType = wrapper.application; includeInIndex = 0; path = MyAir.app; sourceTree = BUILT_PRODUCTS_DIR; };
		B9E1C47F2BC9A119003102D3 /* MyAirApp.swift */ = {isa = PBXFileReference; lastKnownFileType = sourcecode.swift; path = MyAirApp.swift; sourceTree = "<group>"; };
		B9E1C4812BC9A119003102D3 /* ContentView.swift */ = {isa = PBXFileReference; lastKnownFileType = sourcecode.swift; path = ContentView.swift; sourceTree = "<group>"; };
		B9E1C4832BC9A11B003102D3 /* Assets.xcassets */ = {isa = PBXFileReference; lastKnownFileType = folder.assetcatalog; path = Assets.xcassets; sourceTree = "<group>"; };
		B9E1C4862BC9A11B003102D3 /* Preview Assets.xcassets */ = {isa = PBXFileReference; lastKnownFileType = folder.assetcatalog; path = "Preview Assets.xcassets"; sourceTree = "<group>"; };
/* End PBXFileReference section */

/* Begin PBXFrameworksBuildPhase section */
		B9E1C4792BC9A119003102D3 /* Frameworks */ = {
			isa = PBXFrameworksBuildPhase;
			buildActionMask = 2147483647;
			files = (
			);
			runOnlyForDeploymentPostprocessing = 0;
		};
/* End PBXFrameworksBuildPhase section */

/* Begin PBXGroup section */
		B91C7F202BCADD820097B0CF /* Model */ = {
			isa = PBXGroup;
			children = (
				B91C7F232BCAE0CC0097B0CF /* AQI.swift */,
				B91C7F252BCAE3A60097B0CF /* Station.swift */,
				B93A0EC22BD224FB00AB2D85 /* Location.swift */,
			);
			path = Model;
			sourceTree = "<group>";
		};
		B91C7F212BCADD990097B0CF /* View */ = {
			isa = PBXGroup;
			children = (
				B9E1C4812BC9A119003102D3 /* ContentView.swift */,
				B91C7F292BCB764B0097B0CF /* LocalAQIComponentView.swift */,
				B91C7F2B2BCB7EBB0097B0CF /* SmallComponentView.swift */,
				B91C7F2D2BCCF2CA0097B0CF /* LocalDataView.swift */,
				B91C7F2F2BCCF2EC0097B0CF /* OtherStationView.swift */,
			);
			path = View;
			sourceTree = "<group>";
		};
		B91C7F222BCADD9F0097B0CF /* ViewModel */ = {
			isa = PBXGroup;
			children = (
				B91C7F312BCD07590097B0CF /* ContentViewModel.swift */,
				B93A0EC82BD2660000AB2D85 /* LocalDataViewModel.swift */,
			);
			path = ViewModel;
			sourceTree = "<group>";
		};
		B93A0EBB2BD1708600AB2D85 /* Errors */ = {
			isa = PBXGroup;
			children = (
				B93A0EBC2BD170D500AB2D85 /* APIError.swift */,
			);
			path = Errors;
			sourceTree = "<group>";
		};
		B93A0EC52BD260FC00AB2D85 /* Utilities */ = {
			isa = PBXGroup;
			children = (
				B93A0EC62BD2611000AB2D85 /* AQIUtil.swift */,
			);
			path = Utilities;
			sourceTree = "<group>";
		};
		B9E1C4732BC9A119003102D3 = {
			isa = PBXGroup;
			children = (
				B9E1C47E2BC9A119003102D3 /* MyAir */,
				B9E1C47D2BC9A119003102D3 /* Products */,
			);
			sourceTree = "<group>";
		};
		B9E1C47D2BC9A119003102D3 /* Products */ = {
			isa = PBXGroup;
			children = (
				B9E1C47C2BC9A119003102D3 /* MyAir.app */,
			);
			name = Products;
			sourceTree = "<group>";
		};
		B9E1C47E2BC9A119003102D3 /* MyAir */ = {
			isa = PBXGroup;
			children = (
				B93A0EC52BD260FC00AB2D85 /* Utilities */,
				B91C7F222BCADD9F0097B0CF /* ViewModel */,
				B91C7F212BCADD990097B0CF /* View */,
				B91C7F202BCADD820097B0CF /* Model */,
				B91C7F1C2BCA359D0097B0CF /* Info.plist */,
				B93A0EBB2BD1708600AB2D85 /* Errors */,
				B9E1C47F2BC9A119003102D3 /* MyAirApp.swift */,
				B9E1C4832BC9A11B003102D3 /* Assets.xcassets */,
				B9E1C4852BC9A11B003102D3 /* Preview Content */,
			);
			path = MyAir;
			sourceTree = "<group>";
		};
		B9E1C4852BC9A11B003102D3 /* Preview Content */ = {
			isa = PBXGroup;
			children = (
				B9E1C4862BC9A11B003102D3 /* Preview Assets.xcassets */,
			);
			path = "Preview Content";
			sourceTree = "<group>";
		};
/* End PBXGroup section */

/* Begin PBXNativeTarget section */
		B9E1C47B2BC9A119003102D3 /* MyAir */ = {
			isa = PBXNativeTarget;
			buildConfigurationList = B9E1C48A2BC9A11B003102D3 /* Build configuration list for PBXNativeTarget "MyAir" */;
			buildPhases = (
				B9E1C4782BC9A119003102D3 /* Sources */,
				B9E1C4792BC9A119003102D3 /* Frameworks */,
				B9E1C47A2BC9A119003102D3 /* Resources */,
			);
			buildRules = (
			);
			dependencies = (
			);
			name = MyAir;
			packageProductDependencies = (
			);
			productName = MyAir;
			productReference = B9E1C47C2BC9A119003102D3 /* MyAir.app */;
			productType = "com.apple.product-type.application";
		};
/* End PBXNativeTarget section */

/* Begin PBXProject section */
		B9E1C4742BC9A119003102D3 /* Project object */ = {
			isa = PBXProject;
			attributes = {
				BuildIndependentTargetsInParallel = 1;
				LastSwiftUpdateCheck = 1530;
				LastUpgradeCheck = 1530;
				TargetAttributes = {
					B9E1C47B2BC9A119003102D3 = {
						CreatedOnToolsVersion = 15.3;
					};
				};
			};
			buildConfigurationList = B9E1C4772BC9A119003102D3 /* Build configuration list for PBXProject "MyAir" */;
			compatibilityVersion = "Xcode 14.0";
			developmentRegion = en;
			hasScannedForEncodings = 0;
			knownRegions = (
				en,
				Base,
			);
			mainGroup = B9E1C4732BC9A119003102D3;
			packageReferences = (
			);
			productRefGroup = B9E1C47D2BC9A119003102D3 /* Products */;
			projectDirPath = "";
			projectRoot = "";
			targets = (
				B9E1C47B2BC9A119003102D3 /* MyAir */,
			);
		};
/* End PBXProject section */

/* Begin PBXResourcesBuildPhase section */
		B9E1C47A2BC9A119003102D3 /* Resources */ = {
			isa = PBXResourcesBuildPhase;
			buildActionMask = 2147483647;
			files = (
				B9E1C4872BC9A11B003102D3 /* Preview Assets.xcassets in Resources */,
				B9E1C4842BC9A11B003102D3 /* Assets.xcassets in Resources */,
			);
			runOnlyForDeploymentPostprocessing = 0;
		};
/* End PBXResourcesBuildPhase section */

/* Begin PBXSourcesBuildPhase section */
		B9E1C4782BC9A119003102D3 /* Sources */ = {
			isa = PBXSourcesBuildPhase;
			buildActionMask = 2147483647;
			files = (
				B93A0EC92BD2660000AB2D85 /* LocalDataViewModel.swift in Sources */,
				B91C7F302BCCF2EC0097B0CF /* OtherStationView.swift in Sources */,
				B93A0EC32BD224FB00AB2D85 /* Location.swift in Sources */,
				B91C7F2C2BCB7EBB0097B0CF /* SmallComponentView.swift in Sources */,
				B9E1C4822BC9A119003102D3 /* ContentView.swift in Sources */,
				B93A0EBD2BD170D500AB2D85 /* APIError.swift in Sources */,
				B93A0EC72BD2611000AB2D85 /* AQIUtil.swift in Sources */,
				B91C7F242BCAE0CC0097B0CF /* AQI.swift in Sources */,
				B91C7F2E2BCCF2CA0097B0CF /* LocalDataView.swift in Sources */,
				B91C7F322BCD07590097B0CF /* ContentViewModel.swift in Sources */,
				B91C7F262BCAE3A60097B0CF /* Station.swift in Sources */,
				B9E1C4802BC9A119003102D3 /* MyAirApp.swift in Sources */,
				B91C7F2A2BCB764B0097B0CF /* LocalAQIComponentView.swift in Sources */,
			);
			runOnlyForDeploymentPostprocessing = 0;
		};
/* End PBXSourcesBuildPhase section */

/* Begin XCBuildConfiguration section */
		B9E1C4882BC9A11B003102D3 /* Debug */ = {
			isa = XCBuildConfiguration;
			buildSettings = {
				ALWAYS_SEARCH_USER_PATHS = NO;
				ASSETCATALOG_COMPILER_GENERATE_SWIFT_ASSET_SYMBOL_EXTENSIONS = YES;
				CLANG_ANALYZER_NONNULL = YES;
				CLANG_ANALYZER_NUMBER_OBJECT_CONVERSION = YES_AGGRESSIVE;
				CLANG_CXX_LANGUAGE_STANDARD = "gnu++20";
				CLANG_ENABLE_MODULES = YES;
				CLANG_ENABLE_OBJC_ARC = YES;
				CLANG_ENABLE_OBJC_WEAK = YES;
				CLANG_WARN_BLOCK_CAPTURE_AUTORELEASING = YES;
				CLANG_WARN_BOOL_CONVERSION = YES;
				CLANG_WARN_COMMA = YES;
				CLANG_WARN_CONSTANT_CONVERSION = YES;
				CLANG_WARN_DEPRECATED_OBJC_IMPLEMENTATIONS = YES;
				CLANG_WARN_DIRECT_OBJC_ISA_USAGE = YES_ERROR;
				CLANG_WARN_DOCUMENTATION_COMMENTS = YES;
				CLANG_WARN_EMPTY_BODY = YES;
				CLANG_WARN_ENUM_CONVERSION = YES;
				CLANG_WARN_INFINITE_RECURSION = YES;
				CLANG_WARN_INT_CONVERSION = YES;
				CLANG_WARN_NON_LITERAL_NULL_CONVERSION = YES;
				CLANG_WARN_OBJC_IMPLICIT_RETAIN_SELF = YES;
				CLANG_WARN_OBJC_LITERAL_CONVERSION = YES;
				CLANG_WARN_OBJC_ROOT_CLASS = YES_ERROR;
				CLANG_WARN_QUOTED_INCLUDE_IN_FRAMEWORK_HEADER = YES;
				CLANG_WARN_RANGE_LOOP_ANALYSIS = YES;
				CLANG_WARN_STRICT_PROTOTYPES = YES;
				CLANG_WARN_SUSPICIOUS_MOVE = YES;
				CLANG_WARN_UNGUARDED_AVAILABILITY = YES_AGGRESSIVE;
				CLANG_WARN_UNREACHABLE_CODE = YES;
				CLANG_WARN__DUPLICATE_METHOD_MATCH = YES;
				COPY_PHASE_STRIP = NO;
				DEBUG_INFORMATION_FORMAT = dwarf;
				ENABLE_STRICT_OBJC_MSGSEND = YES;
				ENABLE_TESTABILITY = YES;
				ENABLE_USER_SCRIPT_SANDBOXING = YES;
				GCC_C_LANGUAGE_STANDARD = gnu17;
				GCC_DYNAMIC_NO_PIC = NO;
				GCC_NO_COMMON_BLOCKS = YES;
				GCC_OPTIMIZATION_LEVEL = 0;
				GCC_PREPROCESSOR_DEFINITIONS = (
					"DEBUG=1",
					"$(inherited)",
				);
				GCC_WARN_64_TO_32_BIT_CONVERSION = YES;
				GCC_WARN_ABOUT_RETURN_TYPE = YES_ERROR;
				GCC_WARN_UNDECLARED_SELECTOR = YES;
				GCC_WARN_UNINITIALIZED_AUTOS = YES_AGGRESSIVE;
				GCC_WARN_UNUSED_FUNCTION = YES;
				GCC_WARN_UNUSED_VARIABLE = YES;
				IPHONEOS_DEPLOYMENT_TARGET = 17.0;
				LOCALIZATION_PREFERS_STRING_CATALOGS = YES;
				MTL_ENABLE_DEBUG_INFO = INCLUDE_SOURCE;
				MTL_FAST_MATH = YES;
				ONLY_ACTIVE_ARCH = YES;
				SDKROOT = iphoneos;
				SWIFT_ACTIVE_COMPILATION_CONDITIONS = "DEBUG $(inherited)";
				SWIFT_OPTIMIZATION_LEVEL = "-Onone";
			};
			name = Debug;
		};
		B9E1C4892BC9A11B003102D3 /* Release */ = {
			isa = XCBuildConfiguration;
			buildSettings = {
				ALWAYS_SEARCH_USER_PATHS = NO;
				ASSETCATALOG_COMPILER_GENERATE_SWIFT_ASSET_SYMBOL_EXTENSIONS = YES;
				CLANG_ANALYZER_NONNULL = YES;
				CLANG_ANALYZER_NUMBER_OBJECT_CONVERSION = YES_AGGRESSIVE;
				CLANG_CXX_LANGUAGE_STANDARD = "gnu++20";
				CLANG_ENABLE_MODULES = YES;
				CLANG_ENABLE_OBJC_ARC = YES;
				CLANG_ENABLE_OBJC_WEAK = YES;
				CLANG_WARN_BLOCK_CAPTURE_AUTORELEASING = YES;
				CLANG_WARN_BOOL_CONVERSION = YES;
				CLANG_WARN_COMMA = YES;
				CLANG_WARN_CONSTANT_CONVERSION = YES;
				CLANG_WARN_DEPRECATED_OBJC_IMPLEMENTATIONS = YES;
				CLANG_WARN_DIRECT_OBJC_ISA_USAGE = YES_ERROR;
				CLANG_WARN_DOCUMENTATION_COMMENTS = YES;
				CLANG_WARN_EMPTY_BODY = YES;
				CLANG_WARN_ENUM_CONVERSION = YES;
				CLANG_WARN_INFINITE_RECURSION = YES;
				CLANG_WARN_INT_CONVERSION = YES;
				CLANG_WARN_NON_LITERAL_NULL_CONVERSION = YES;
				CLANG_WARN_OBJC_IMPLICIT_RETAIN_SELF = YES;
				CLANG_WARN_OBJC_LITERAL_CONVERSION = YES;
				CLANG_WARN_OBJC_ROOT_CLASS = YES_ERROR;
				CLANG_WARN_QUOTED_INCLUDE_IN_FRAMEWORK_HEADER = YES;
				CLANG_WARN_RANGE_LOOP_ANALYSIS = YES;
				CLANG_WARN_STRICT_PROTOTYPES = YES;
				CLANG_WARN_SUSPICIOUS_MOVE = YES;
				CLANG_WARN_UNGUARDED_AVAILABILITY = YES_AGGRESSIVE;
				CLANG_WARN_UNREACHABLE_CODE = YES;
				CLANG_WARN__DUPLICATE_METHOD_MATCH = YES;
				COPY_PHASE_STRIP = NO;
				DEBUG_INFORMATION_FORMAT = "dwarf-with-dsym";
				ENABLE_NS_ASSERTIONS = NO;
				ENABLE_STRICT_OBJC_MSGSEND = YES;
				ENABLE_USER_SCRIPT_SANDBOXING = YES;
				GCC_C_LANGUAGE_STANDARD = gnu17;
				GCC_NO_COMMON_BLOCKS = YES;
				GCC_WARN_64_TO_32_BIT_CONVERSION = YES;
				GCC_WARN_ABOUT_RETURN_TYPE = YES_ERROR;
				GCC_WARN_UNDECLARED_SELECTOR = YES;
				GCC_WARN_UNINITIALIZED_AUTOS = YES_AGGRESSIVE;
				GCC_WARN_UNUSED_FUNCTION = YES;
				GCC_WARN_UNUSED_VARIABLE = YES;
				IPHONEOS_DEPLOYMENT_TARGET = 17.0;
				LOCALIZATION_PREFERS_STRING_CATALOGS = YES;
				MTL_ENABLE_DEBUG_INFO = NO;
				MTL_FAST_MATH = YES;
				SDKROOT = iphoneos;
				SWIFT_COMPILATION_MODE = wholemodule;
				VALIDATE_PRODUCT = YES;
			};
			name = Release;
		};
		B9E1C48B2BC9A11B003102D3 /* Debug */ = {
			isa = XCBuildConfiguration;
			buildSettings = {
				ASSETCATALOG_COMPILER_APPICON_NAME = AppIcon;
				ASSETCATALOG_COMPILER_GLOBAL_ACCENT_COLOR_NAME = AccentColor;
				CODE_SIGN_STYLE = Automatic;
				CURRENT_PROJECT_VERSION = 1;
				DEVELOPMENT_ASSET_PATHS = "\"MyAir/Preview Content\"";
				DEVELOPMENT_TEAM = QYC9Z88RVC;
				ENABLE_PREVIEWS = YES;
				GENERATE_INFOPLIST_FILE = YES;
				INFOPLIST_FILE = MyAir/Info.plist;
				INFOPLIST_KEY_NSLocationUsageDescription = "打開位置資訊以取得附近測站之空氣品質";
				INFOPLIST_KEY_NSLocationWhenInUseUsageDescription = "打開位置資訊以取得附近測站之空氣品質";
				INFOPLIST_KEY_UIApplicationSceneManifest_Generation = YES;
				INFOPLIST_KEY_UIApplicationSupportsIndirectInputEvents = YES;
				INFOPLIST_KEY_UISupportedInterfaceOrientations_iPad = "UIInterfaceOrientationPortrait UIInterfaceOrientationPortraitUpsideDown UIInterfaceOrientationLandscapeLeft UIInterfaceOrientationLandscapeRight";
				INFOPLIST_KEY_UISupportedInterfaceOrientations_iPhone = "UIInterfaceOrientationPortrait UIInterfaceOrientationLandscapeLeft UIInterfaceOrientationLandscapeRight";
				INFOPLIST_KEY_UIUserInterfaceStyle = Light;
				IPHONEOS_DEPLOYMENT_TARGET = 17.0;
				LD_RUNPATH_SEARCH_PATHS = (
					"$(inherited)",
					"@executable_path/Frameworks",
				);
				MARKETING_VERSION = 1.0;
				PRODUCT_BUNDLE_IDENTIFIER = com.lcheng.MyAir;
				PRODUCT_NAME = "$(TARGET_NAME)";
				SUPPORTED_PLATFORMS = "iphoneos iphonesimulator";
				SUPPORTS_MACCATALYST = NO;
				SUPPORTS_MAC_DESIGNED_FOR_IPHONE_IPAD = NO;
				SUPPORTS_XR_DESIGNED_FOR_IPHONE_IPAD = NO;
				SWIFT_EMIT_LOC_STRINGS = YES;
				SWIFT_VERSION = 5.0;
				TARGETED_DEVICE_FAMILY = 1;
			};
			name = Debug;
		};
		B9E1C48C2BC9A11B003102D3 /* Release */ = {
			isa = XCBuildConfiguration;
			buildSettings = {
				ASSETCATALOG_COMPILER_APPICON_NAME = AppIcon;
				ASSETCATALOG_COMPILER_GLOBAL_ACCENT_COLOR_NAME = AccentColor;
				CODE_SIGN_STYLE = Automatic;
				CURRENT_PROJECT_VERSION = 1;
				DEVELOPMENT_ASSET_PATHS = "\"MyAir/Preview Content\"";
				DEVELOPMENT_TEAM = QYC9Z88RVC;
				ENABLE_PREVIEWS = YES;
				GENERATE_INFOPLIST_FILE = YES;
				INFOPLIST_FILE = MyAir/Info.plist;
				INFOPLIST_KEY_NSLocationUsageDescription = "打開位置資訊以取得附近測站之空氣品質";
				INFOPLIST_KEY_NSLocationWhenInUseUsageDescription = "打開位置資訊以取得附近測站之空氣品質";
				INFOPLIST_KEY_UIApplicationSceneManifest_Generation = YES;
				INFOPLIST_KEY_UIApplicationSupportsIndirectInputEvents = YES;
				INFOPLIST_KEY_UISupportedInterfaceOrientations_iPad = "UIInterfaceOrientationPortrait UIInterfaceOrientationPortraitUpsideDown UIInterfaceOrientationLandscapeLeft UIInterfaceOrientationLandscapeRight";
				INFOPLIST_KEY_UISupportedInterfaceOrientations_iPhone = "UIInterfaceOrientationPortrait UIInterfaceOrientationLandscapeLeft UIInterfaceOrientationLandscapeRight";
				INFOPLIST_KEY_UIUserInterfaceStyle = Light;
				IPHONEOS_DEPLOYMENT_TARGET = 17.0;
				LD_RUNPATH_SEARCH_PATHS = (
					"$(inherited)",
					"@executable_path/Frameworks",
				);
				MARKETING_VERSION = 1.0;
				PRODUCT_BUNDLE_IDENTIFIER = com.lcheng.MyAir;
				PRODUCT_NAME = "$(TARGET_NAME)";
				SUPPORTED_PLATFORMS = "iphoneos iphonesimulator";
				SUPPORTS_MACCATALYST = NO;
				SUPPORTS_MAC_DESIGNED_FOR_IPHONE_IPAD = NO;
				SUPPORTS_XR_DESIGNED_FOR_IPHONE_IPAD = NO;
				SWIFT_EMIT_LOC_STRINGS = YES;
				SWIFT_VERSION = 5.0;
				TARGETED_DEVICE_FAMILY = 1;
			};
			name = Release;
		};
/* End XCBuildConfiguration section */

/* Begin XCConfigurationList section */
		B9E1C4772BC9A119003102D3 /* Build configuration list for PBXProject "MyAir" */ = {
			isa = XCConfigurationList;
			buildConfigurations = (
				B9E1C4882BC9A11B003102D3 /* Debug */,
				B9E1C4892BC9A11B003102D3 /* Release */,
			);
			defaultConfigurationIsVisible = 0;
			defaultConfigurationName = Release;
		};
		B9E1C48A2BC9A11B003102D3 /* Build configuration list for PBXNativeTarget "MyAir" */ = {
			isa = XCConfigurationList;
			buildConfigurations = (
				B9E1C48B2BC9A11B003102D3 /* Debug */,
				B9E1C48C2BC9A11B003102D3 /* Release */,
			);
			defaultConfigurationIsVisible = 0;
			defaultConfigurationName = Release;
		};
/* End XCConfigurationList section */
	};
	rootObject = B9E1C4742BC9A119003102D3 /* Project object */;
}
